
Microsoft Visual Studio Solution File, Format Version 12.00
# Visual Studio Version 17
VisualStudioVersion = 17.5.2.0
MinimumVisualStudioVersion = 10.0.40219.1
Project("{FAE04EC0-301F-11D3-BF4B-00C04F79EFBC}") = "BeispielProjekt", "BeispielProjekt\BeispielProjekt.csproj", "{A9E67DCC-6FF3-C982-1632-E52EE646EDC1}"
EndProject
Project("{2150E333-8FDC-42A3-9474-1A3956D46DE8}") = "Kurstage", "Kurstage", "{E4F181C8-9FBF-2495-CF40-A1B57A6EB4CA}"
EndProject
Project("{2150E333-8FDC-42A3-9474-1A3956D46DE8}") = "2026-03-04", "2026-03-04", "{3DC65394-D898-3A0C-A19D-68B2DDACB7F0}"
EndProject
Project("{FAE04EC0-301F-11D3-BF4B-00C04F79EFBC}") = "Lösung", "Kurstage\2026-03-04\Lösung\Lösung.csproj", "{4A734781-DDF6-4DA4-8C7A-26A03A42121D}"
EndProject
Global
	GlobalSection(SolutionConfigurationPlatforms) = preSolution
		Debug|Any CPU = Debug|Any CPU
		Debug|x64 = Debug|x64
		Debug|x86 = Debug|x86
		Release|Any CPU = Release|Any CPU
		Release|x64 = Release|x64
		Release|x86 = Release|x86
	EndGlobalSection
	GlobalSection(ProjectConfigurationPlatforms) = postSolution
		{A9E67DCC-6FF3-C982-1632-E52EE646EDC1}.Debug|Any CPU.ActiveCfg = Debug|Any CPU
		{A9E67DCC-6FF3-C982-1632-E52EE646EDC1}.Debug|Any CPU.Build.0 = Debug|Any CPU
		{A9E67DCC-6FF3-C982-1632-E52EE646EDC1}.Debug|x64.ActiveCfg = Debug|Any CPU
		{A9E67DCC-6FF3-C982-1632-E52EE646EDC1}.Debug|x64.Build.0 = Debug|Any CPU
		{A9E67DCC-6FF3-C982-1632-E52EE646EDC1}.Debug|x86.ActiveCfg = Debug|Any CPU
		{A9E67DCC-6FF3-C982-1632-E52EE646EDC1}.Debug|x86.Build.0 = Debug|Any CPU
		{A9E67DCC-6FF3-C982-1632-E52EE646EDC1}.Release|Any CPU.ActiveCfg = Release|Any CPU
		{A9E67DCC-6FF3-C982-1632-E52EE646EDC1}.Release|Any CPU.Build.0 = Release|Any CPU
		{A9E67DCC-6FF3-C982-1632-E52EE646EDC1}.Release|x64.ActiveCfg = Release|Any CPU
		{A9E67DCC-6FF3-C982-1632-E52EE646EDC1}.Release|x64.Build.0 = Release|Any CPU
		{A9E67DCC-6FF3-C982-1632-E52EE646EDC1}.Release|x86.ActiveCfg = Release|Any CPU
		{A9E67DCC-6FF3-C982-1632-E52EE646EDC1}.Release|x86.Build.0 = Release|Any CPU
		{4A734781-DDF6-4DA4-8C7A-26A03A42121D}.Debug|Any CPU.ActiveCfg = Debug|Any CPU
		{4A734781-DDF6-4DA4-8C7A-26A03A42121D}.Debug|Any CPU.Build.0 = Debug|Any CPU
		{4A734781-DDF6-4DA4-8C7A-26A03A42121D}.Debug|x64.ActiveCfg = Debug|Any CPU
		{4A734781-DDF6-4DA4-8C7A-26A03A42121D}.Debug|x64.Build.0 = Debug|Any CPU
		{4A734781-DDF6-4DA4-8C7A-26A03A42121D}.Debug|x86.ActiveCfg = Debug|Any CPU
		{4A734781-DDF6-4DA4-8C7A-26A03A42121D}.Debug|x86.Build.0 = Debug|Any CPU
		{4A734781-DDF6-4DA4-8C7A-26A03A42121D}.Release|Any CPU.ActiveCfg = Release|Any CPU
		{4A734781-DDF6-4DA4-8C7A-26A03A42121D}.Release|Any CPU.Build.0 = Release|Any CPU
		{4A734781-DDF6-4DA4-8C7A-26A03A42121D}.Release|x64.ActiveCfg = Release|Any CPU
		{4A734781-DDF6-4DA4-8C7A-26A03A42121D}.Release|x64.Build.0 = Release|Any CPU
		{4A734781-DDF6-4DA4-8C7A-26A03A42121D}.Release|x86.ActiveCfg = Release|Any CPU
		{4A734781-DDF6-4DA4-8C7A-26A03A42121D}.Release|x86.Build.0 = Release|Any CPU
	EndGlobalSection
	GlobalSection(SolutionProperties) = preSolution
		HideSolutionNode = FALSE
	EndGlobalSection
	GlobalSection(NestedProjects) = preSolution
		{3DC65394-D898-3A0C-A19D-68B2DDACB7F0} = {E4F181C8-9FBF-2495-CF40-A1B57A6EB4CA}
		{4A734781-DDF6-4DA4-8C7A-26A03A42121D} = {3DC65394-D898-3A0C-A19D-68B2DDACB7F0}
	EndGlobalSection
	GlobalSection(ExtensibilityGlobals) = postSolution
		SolutionGuid = {FECC5849-E55F-4F2C-9820-543DB417E96B}
	EndGlobalSection
EndGlobal
